<Solution>
  <Folder Name="/Projektmappenelemente/">
    <File Path=".gitattributes" />
    <File Path=".gitignore" />
    <File Path="LICENSE.txt" />
    <File Path="README.md" />
  </Folder>
  <Project Path="AuthTest/AuthTest.csproj" />
  <Project Path="CorePass.Auth/CorePass.Auth.csproj" />
</Solution>